// !$*UTF8*$!
{
	archiveVersion = 1;
	classes = {
	};
	objectVersion = 46;
	objects = {

/* Begin PBXBuildFile section */
		CEA3E9141B637260005E3713 /* AppDelegate.swift in Sources */ = {isa = PBXBuildFile; fileRef = CEA3E9131B637260005E3713 /* AppDelegate.swift */; };
		CEA3E9171B637260005E3713 /* Sample.xcdatamodeld in Sources */ = {isa = PBXBuildFile; fileRef = CEA3E9151B637260005E3713 /* Sample.xcdatamodeld */; };
		CEA3E9191B637260005E3713 /* ViewController.swift in Sources */ = {isa = PBXBuildFile; fileRef = CEA3E9181B637260005E3713 /* ViewController.swift */; };
		CEA3E91C1B637260005E3713 /* Main.storyboard in Resources */ = {isa = PBXBuildFile; fileRef = CEA3E91A1B637260005E3713 /* Main.storyboard */; };
		CEA3E91E1B637260005E3713 /* Images.xcassets in Resources */ = {isa = PBXBuildFile; fileRef = CEA3E91D1B637260005E3713 /* Images.xcassets */; };
		CEA3E9211B637260005E3713 /* LaunchScreen.xib in Resources */ = {isa = PBXBuildFile; fileRef = CEA3E91F1B637260005E3713 /* LaunchScreen.xib */; };
		CEA3E92D1B637260005E3713 /* SampleTests.swift in Sources */ = {isa = PBXBuildFile; fileRef = CEA3E92C1B637260005E3713 /* SampleTests.swift */; };
/* End PBXBuildFile section */

/* Begin PBXContainerItemProxy section */
		CEA3E9271B637260005E3713 /* PBXContainerItemProxy */ = {
			isa = PBXContainerItemProxy;
			containerPortal = CEA3E9061B637260005E3713 /* Project object */;
			proxyType = 1;
			remoteGlobalIDString = CEA3E90D1B637260005E3713;
			remoteInfo = Sample;
		};
/* End PBXContainerItemProxy section */

/* Begin PBXFileReference section */
		CEA3E90E1B637260005E3713 /* Sample.app */ = {isa = PBXFileReference; explicitFileType = wrapper.application; includeInIndex = 0; path = Sample.app; sourceTree = BUILT_PRODUCTS_DIR; };
		CEA3E9121B637260005E3713 /* Info.plist */ = {isa = PBXFileReference; lastKnownFileType = text.plist.xml; path = Info.plist; sourceTree = "<group>"; };
		CEA3E9131B637260005E3713 /* AppDelegate.swift */ = {isa = PBXFileReference; lastKnownFileType = sourcecode.swift; path = AppDelegate.swift; sourceTree = "<group>"; };
		CEA3E9161B637260005E3713 /* Sample.xcdatamodel */ = {isa = PBXFileReference; lastKnownFileType = wrapper.xcdatamodel; path = Sample.xcdatamodel; sourceTree = "<group>"; };
		CEA3E9181B637260005E3713 /* ViewController.swift */ = {isa = PBXFileReference; lastKnownFileType = sourcecode.swift; path = ViewController.swift; sourceTree = "<group>"; };
		CEA3E91B1B637260005E3713 /* Base */ = {isa = PBXFileReference; lastKnownFileType = file.storyboard; name = Base; path = Base.lproj/Main.storyboard; sourceTree = "<group>"; };
		CEA3E91D1B637260005E3713 /* Images.xcassets */ = {isa = PBXFileReference; lastKnownFileType = folder.assetcatalog; path = Images.xcassets; sourceTree = "<group>"; };
		CEA3E9201B637260005E3713 /* Base */ = {isa = PBXFileReference; lastKnownFileType = file.xib; name = Base; path = Base.lproj/LaunchScreen.xib; sourceTree = "<group>"; };
		CEA3E9261B637260005E3713 /* SampleTests.xctest */ = {isa = PBXFileReference; explicitFileType = wrapper.cfbundle; includeInIndex = 0; path = SampleTests.xctest; sourceTree = BUILT_PRODUCTS_DIR; };
		CEA3E92B1B637260005E3713 /* Info.plist */ = {isa = PBXFileReference; lastKnownFileType = text.plist.xml; path = Info.plist; sourceTree = "<group>"; };
		CEA3E92C1B637260005E3713 /* SampleTests.swift */ = {isa = PBXFileReference; lastKnownFileType = sourcecode.swift; path = SampleTests.swift; sourceTree = "<group>"; };
/* End PBXFileReference section */

/* Begin PBXFrameworksBuildPhase section */
		CEA3E90B1B637260005E3713 /* Frameworks */ = {
			isa = PBXFrameworksBuildPhase;
			buildActionMask = 2147483647;
			files = (
			);
			runOnlyForDeploymentPostprocessing = 0;
		};
		CEA3E9231B637260005E3713 /* Frameworks */ = {
			isa = PBXFrameworksBuildPhase;
			buildActionMask = 2147483647;
			files = (
			);
			runOnlyForDeploymentPostprocessing = 0;
		};
/* End PBXFrameworksBuildPhase section */

/* Begin PBXGroup section */
		CEA3E9051B637260005E3713 = {
			isa = PBXGroup;
			children = (
				CEA3E9101B637260005E3713 /* Sample */,
				CEA3E9291B637260005E3713 /* SampleTests */,
				CEA3E90F1B637260005E3713 /* Products */,
			);
			sourceTree = "<group>";
		};
		CEA3E90F1B637260005E3713 /* Products */ = {
			isa = PBXGroup;
			children = (
				CEA3E90E1B637260005E3713 /* Sample.app */,
				CEA3E9261B637260005E3713 /* SampleTests.xctest */,
			);
			name = Products;
			sourceTree = "<group>";
		};
		CEA3E9101B637260005E3713 /* Sample */ = {
			isa = PBXGroup;
			children = (
				CEA3E9131B637260005E3713 /* AppDelegate.swift */,
				CEA3E9181B637260005E3713 /* ViewController.swift */,
				CEA3E91A1B637260005E3713 /* Main.storyboard */,
				CEA3E91D1B637260005E3713 /* Images.xcassets */,
				CEA3E91F1B637260005E3713 /* LaunchScreen.xib */,
				CEA3E9151B637260005E3713 /* Sample.xcdatamodeld */,
				CEA3E9111B637260005E3713 /* Supporting Files */,
			);
			path = Sample;
			sourceTree = "<group>";
		};
		CEA3E9111B637260005E3713 /* Supporting Files */ = {
			isa = PBXGroup;
			children = (
				CEA3E9121B637260005E3713 /* Info.plist */,
			);
			name = "Supporting Files";
			sourceTree = "<group>";
		};
		CEA3E9291B637260005E3713 /* SampleTests */ = {
			isa = PBXGroup;
			children = (
				CEA3E92C1B637260005E3713 /* SampleTests.swift */,
				CEA3E92A1B637260005E3713 /* Supporting Files */,
			);
			path = SampleTests;
			sourceTree = "<group>";
		};
		CEA3E92A1B637260005E3713 /* Supporting Files */ = {
			isa = PBXGroup;
			children = (
				CEA3E92B1B637260005E3713 /* Info.plist */,
			);
			name = "Supporting Files";
			sourceTree = "<group>";
		};
/* End PBXGroup section */

/* Begin PBXNativeTarget section */
		CEA3E90D1B637260005E3713 /* Sample */ = {
			isa = PBXNativeTarget;
			buildConfigurationList = CEA3E9301B637260005E3713 /* Build configuration list for PBXNativeTarget "Sample" */;
			buildPhases = (
				CEA3E90A1B637260005E3713 /* Sources */,
				CEA3E90B1B637260005E3713 /* Frameworks */,
				CEA3E90C1B637260005E3713 /* Resources */,
			);
			buildRules = (
			);
			dependencies = (
			);
			name = Sample;
			productName = Sample;
			productReference = CEA3E90E1B637260005E3713 /* Sample.app */;
			productType = "com.apple.product-type.application";
		};
		CEA3E9251B637260005E3713 /* SampleTests */ = {
			isa = PBXNativeTarget;
			buildConfigurationList = CEA3E9331B637260005E3713 /* Build configuration list for PBXNativeTarget "SampleTests" */;
			buildPhases = (
				CEA3E9221B637260005E3713 /* Sources */,
				CEA3E9231B637260005E3713 /* Frameworks */,
				CEA3E9241B637260005E3713 /* Resources */,
			);
			buildRules = (
			);
			dependencies = (
				CEA3E9281B637260005E3713 /* PBXTargetDependency */,
			);
			name = SampleTests;
			productName = SampleTests;
			productReference = CEA3E9261B637260005E3713 /* SampleTests.xctest */;
			productType = "com.apple.product-type.bundle.unit-test";
		};
/* End PBXNativeTarget section */

/* Begin PBXProject section */
		CEA3E9061B637260005E3713 /* Project object */ = {
			isa = PBXProject;
			attributes = {
				LastUpgradeCheck = 0640;
				ORGANIZATIONNAME = User;
				TargetAttributes = {
					CEA3E90D1B637260005E3713 = {
						CreatedOnToolsVersion = 6.4;
					};
					CEA3E9251B637260005E3713 = {
						CreatedOnToolsVersion = 6.4;
						TestTargetID = CEA3E90D1B637260005E3713;
					};
				};
			};
			buildConfigurationList = CEA3E9091B637260005E3713 /* Build configuration list for PBXProject "Sample" */;
			compatibilityVersion = "Xcode 3.2";
			developmentRegion = English;
			hasScannedForEncodings = 0;
			knownRegions = (
				en,
				Base,
			);
			mainGroup = CEA3E9051B637260005E3713;
			productRefGroup = CEA3E90F1B637260005E3713 /* Products */;
			projectDirPath = "";
			projectRoot = "";
			targets = (
				CEA3E90D1B637260005E3713 /* Sample */,
				CEA3E9251B637260005E3713 /* SampleTests */,
			);
		};
/* End PBXProject section */

/* Begin PBXResourcesBuildPhase section */
		CEA3E90C1B637260005E3713 /* Resources */ = {
			isa = PBXResourcesBuildPhase;
			buildActionMask = 2147483647;
			files = (
				CEA3E91C1B637260005E3713 /* Main.storyboard in Resources */,
				CEA3E9211B637260005E3713 /* LaunchScreen.xib in Resources */,
				CEA3E91E1B637260005E3713 /* Images.xcassets in Resources */,
			);
			runOnlyForDeploymentPostprocessing = 0;
		};
		CEA3E9241B637260005E3713 /* Resources */ = {
			isa = PBXResourcesBuildPhase;
			buildActionMask = 2147483647;
			files = (
			);
			runOnlyForDeploymentPostprocessing = 0;
		};
/* End PBXResourcesBuildPhase section */

/* Begin PBXSourcesBuildPhase section */
		CEA3E90A1B637260005E3713 /* Sources */ = {
			isa = PBXSourcesBuildPhase;
			buildActionMask = 2147483647;
			files = (
				CEA3E9191B637260005E3713 /* ViewController.swift in Sources */,
				CEA3E9141B637260005E3713 /* AppDelegate.swift in Sources */,
				CEA3E9171B637260005E3713 /* Sample.xcdatamodeld in Sources */,
			);
			runOnlyForDeploymentPostprocessing = 0;
		};
		CEA3E9221B637260005E3713 /* Sources */ = {
			isa = PBXSourcesBuildPhase;
			buildActionMask = 2147483647;
			files = (
				CEA3E92D1B637260005E3713 /* SampleTests.swift in Sources */,
			);
			runOnlyForDeploymentPostprocessing = 0;
		};
/* End PBXSourcesBuildPhase section */

/* Begin PBXTargetDependency section */
		CEA3E9281B637260005E3713 /* PBXTargetDependency */ = {
			isa = PBXTargetDependency;
			target = CEA3E90D1B637260005E3713 /* Sample */;
			targetProxy = CEA3E9271B637260005E3713 /* PBXContainerItemProxy */;
		};
/* End PBXTargetDependency section */

/* Begin PBXVariantGroup section */
		CEA3E91A1B637260005E3713 /* Main.storyboard */ = {
			isa = PBXVariantGroup;
			children = (
				CEA3E91B1B637260005E3713 /* Base */,
			);
			name = Main.storyboard;
			sourceTree = "<group>";
		};
		CEA3E91F1B637260005E3713 /* LaunchScreen.xib */ = {
			isa = PBXVariantGroup;
			children = (
				CEA3E9201B637260005E3713 /* Base */,
			);
			name = LaunchScreen.xib;
			sourceTree = "<group>";
		};
/* End PBXVariantGroup section */

/* Begin XCBuildConfiguration section */
		CEA3E92E1B637260005E3713 /* Debug */ = {
			isa = XCBuildConfiguration;
			buildSettings = {
				ALWAYS_SEARCH_USER_PATHS = NO;
				CLANG_CXX_LANGUAGE_STANDARD = "gnu++0x";
				CLANG_CXX_LIBRARY = "libc++";
				CLANG_ENABLE_MODULES = YES;
				CLANG_ENABLE_OBJC_ARC = YES;
				CLANG_WARN_BOOL_CONVERSION = YES;
				CLANG_WARN_CONSTANT_CONVERSION = YES;
				CLANG_WARN_DIRECT_OBJC_ISA_USAGE = YES_ERROR;
				CLANG_WARN_EMPTY_BODY = YES;
				CLANG_WARN_ENUM_CONVERSION = YES;
				CLANG_WARN_INT_CONVERSION = YES;
				CLANG_WARN_OBJC_ROOT_CLASS = YES_ERROR;
				CLANG_WARN_UNREACHABLE_CODE = YES;
				CLANG_WARN__DUPLICATE_METHOD_MATCH = YES;
				"CODE_SIGN_IDENTITY[sdk=iphoneos*]" = "iPhone Developer";
				COPY_PHASE_STRIP = NO;
				DEBUG_INFORMATION_FORMAT = "dwarf-with-dsym";
				ENABLE_STRICT_OBJC_MSGSEND = YES;
				GCC_C_LANGUAGE_STANDARD = gnu99;
				GCC_DYNAMIC_NO_PIC = NO;
				GCC_NO_COMMON_BLOCKS = YES;
				GCC_OPTIMIZATION_LEVEL = 0;
				GCC_PREPROCESSOR_DEFINITIONS = (
					"DEBUG=1",
					"$(inherited)",
				);
				GCC_SYMBOLS_PRIVATE_EXTERN = NO;
				GCC_WARN_64_TO_32_BIT_CONVERSION = YES;
				GCC_WARN_ABOUT_RETURN_TYPE = YES_ERROR;
				GCC_WARN_UNDECLARED_SELECTOR = YES;
				GCC_WARN_UNINITIALIZED_AUTOS = YES_AGGRESSIVE;
				GCC_WARN_UNUSED_FUNCTION = YES;
				GCC_WARN_UNUSED_VARIABLE = YES;
				IPHONEOS_DEPLOYMENT_TARGET = 8.4;
				MTL_ENABLE_DEBUG_INFO = YES;
				ONLY_ACTIVE_ARCH = YES;
				SDKROOT = iphoneos;
				SWIFT_OPTIMIZATION_LEVEL = "-Onone";
				TARGETED_DEVICE_FAMILY = "1,2";
			};
			name = Debug;
		};
		CEA3E92F1B637260005E3713 /* Release */ = {
			isa = XCBuildConfiguration;
			buildSettings = {
				ALWAYS_SEARCH_USER_PATHS = NO;
				CLANG_CXX_LANGUAGE_STANDARD = "gnu++0x";
				CLANG_CXX_LIBRARY = "libc++";
				CLANG_ENABLE_MODULES = YES;
				CLANG_ENABLE_OBJC_ARC = YES;
				CLANG_WARN_BOOL_CONVERSION = YES;
				CLANG_WARN_CONSTANT_CONVERSION = YES;
				CLANG_WARN_DIRECT_OBJC_ISA_USAGE = YES_ERROR;
				CLANG_WARN_EMPTY_BODY = YES;
				CLANG_WARN_ENUM_CONVERSION = YES;
				CLANG_WARN_INT_CONVERSION = YES;
				CLANG_WARN_OBJC_ROOT_CLASS = YES_ERROR;
				CLANG_WARN_UNREACHABLE_CODE = YES;
				CLANG_WARN__DUPLICATE_METHOD_MATCH = YES;
				"CODE_SIGN_IDENTITY[sdk=iphoneos*]" = "iPhone Developer";
				COPY_PHASE_STRIP = NO;
				DEBUG_INFORMATION_FORMAT = "dwarf-with-dsym";
				ENABLE_NS_ASSERTIONS = NO;
				ENABLE_STRICT_OBJC_MSGSEND = YES;
				GCC_C_LANGUAGE_STANDARD = gnu99;
				GCC_NO_COMMON_BLOCKS = YES;
				GCC_WARN_64_TO_32_BIT_CONVERSION = YES;
				GCC_WARN_ABOUT_RETURN_TYPE = YES_ERROR;
				GCC_WARN_UNDECLARED_SELECTOR = YES;
				GCC_WARN_UNINITIALIZED_AUTOS = YES_AGGRESSIVE;
				GCC_WARN_UNUSED_FUNCTION = YES;
				GCC_WARN_UNUSED_VARIABLE = YES;
				IPHONEOS_DEPLOYMENT_TARGET = 8.4;
				MTL_ENABLE_DEBUG_INFO = NO;
				SDKROOT = iphoneos;
				TARGETED_DEVICE_FAMILY = "1,2";
				VALIDATE_PRODUCT = YES;
			};
			name = Release;
		};
		CEA3E9311B637260005E3713 /* Debug */ = {
			isa = XCBuildConfiguration;
			buildSettings = {
				ASSETCATALOG_COMPILER_APPICON_NAME = AppIcon;
				INFOPLIST_FILE = Sample/Info.plist;
				LD_RUNPATH_SEARCH_PATHS = "$(inherited) @executable_path/Frameworks";
				PRODUCT_NAME = "$(TARGET_NAME)";
			};
			name = Debug;
		};
		CEA3E9321B637260005E3713 /* Release */ = {
			isa = XCBuildConfiguration;
			buildSettings = {
				ASSETCATALOG_COMPILER_APPICON_NAME = AppIcon;
				INFOPLIST_FILE = Sample/Info.plist;
				LD_RUNPATH_SEARCH_PATHS = "$(inherited) @executable_path/Frameworks";
				PRODUCT_NAME = "$(TARGET_NAME)";
			};
			name = Release;
		};
		CEA3E9341B637260005E3713 /* Debug */ = {
			isa = XCBuildConfiguration;
			buildSettings = {
				BUNDLE_LOADER = "$(TEST_HOST)";
				FRAMEWORK_SEARCH_PATHS = (
					"$(SDKROOT)/Developer/Library/Frameworks",
					"$(inherited)",
				);
				GCC_PREPROCESSOR_DEFINITIONS = (
					"DEBUG=1",
					"$(inherited)",
				);
				INFOPLIST_FILE = SampleTests/Info.plist;
				LD_RUNPATH_SEARCH_PATHS = "$(inherited) @executable_path/Frameworks @loader_path/Frameworks";
				PRODUCT_NAME = "$(TARGET_NAME)";
				TEST_HOST = "$(BUILT_PRODUCTS_DIR)/Sample.app/Sample";
			};
			name = Debug;
		};
		CEA3E9351B637260005E3713 /* Release */ = {
			isa = XCBuildConfiguration;
			buildSettings = {
				BUNDLE_LOADER = "$(TEST_HOST)";
				FRAMEWORK_SEARCH_PATHS = (
					"$(SDKROOT)/Developer/Library/Frameworks",
					"$(inherited)",
				);
				INFOPLIST_FILE = SampleTests/Info.plist;
				LD_RUNPATH_SEARCH_PATHS = "$(inherited) @executable_path/Frameworks @loader_path/Frameworks";
				PRODUCT_NAME = "$(TARGET_NAME)";
				TEST_HOST = "$(BUILT_PRODUCTS_DIR)/Sample.app/Sample";
			};
			name = Release;
		};
/* End XCBuildConfiguration section */

/* Begin XCConfigurationList section */
		CEA3E9091B637260005E3713 /* Build configuration list for PBXProject "Sample" */ = {
			isa = XCConfigurationList;
			buildConfigurations = (
				CEA3E92E1B637260005E3713 /* Debug */,
				CEA3E92F1B637260005E3713 /* Release */,
			);
			defaultConfigurationIsVisible = 0;
			defaultConfigurationName = Release;
		};
		CEA3E9301B637260005E3713 /* Build configuration list for PBXNativeTarget "Sample" */ = {
			isa = XCConfigurationList;
			buildConfigurations = (
				CEA3E9311B637260005E3713 /* Debug */,
				CEA3E9321B637260005E3713 /* Release */,
			);
			defaultConfigurationIsVisible = 0;
		};
		CEA3E9331B637260005E3713 /* Build configuration list for PBXNativeTarget "SampleTests" */ = {
			isa = XCConfigurationList;
			buildConfigurations = (
				CEA3E9341B637260005E3713 /* Debug */,
				CEA3E9351B637260005E3713 /* Release */,
			);
			defaultConfigurationIsVisible = 0;
		};
/* End XCConfigurationList section */

/* Begin XCVersionGroup section */
		CEA3E9151B637260005E3713 /* Sample.xcdatamodeld */ = {
			isa = XCVersionGroup;
			children = (
				CEA3E9161B637260005E3713 /* Sample.xcdatamodel */,
			);
			currentVersion = CEA3E9161B637260005E3713 /* Sample.xcdatamodel */;
			path = Sample.xcdatamodeld;
			sourceTree = "<group>";
			versionGroupType = wrapper.xcdatamodel;
		};
/* End XCVersionGroup section */
	};
	rootObject = CEA3E9061B637260005E3713 /* Project object */;
}
